
Microsoft Visual Studio Solution File, Format Version 12.00
Project("{FAE04EC0-301F-11D3-BF4B-00C04F79EFBC}") = "FSMRover", "FSMRover\FSMRover.csproj", "{8EE24E52-958B-4C6D-90FD-1B833E870BC0}"
EndProject
Global
	GlobalSection(SolutionConfigurationPlatforms) = preSolution
		Debug|Any CPU = Debug|Any CPU
		Release|Any CPU = Release|Any CPU
	EndGlobalSection
	GlobalSection(ProjectConfigurationPlatforms) = postSolution
		{8EE24E52-958B-4C6D-90FD-1B833E870BC0}.Debug|Any CPU.ActiveCfg = Debug|Any CPU
		{8EE24E52-958B-4C6D-90FD-1B833E870BC0}.Debug|Any CPU.Build.0 = Debug|Any CPU
		{8EE24E52-958B-4C6D-90FD-1B833E870BC0}.Release|Any CPU.ActiveCfg = Release|Any CPU
		{8EE24E52-958B-4C6D-90FD-1B833E870BC0}.Release|Any CPU.Build.0 = Release|Any CPU
	EndGlobalSection
EndGlobal
